{
  "name": "js-son-wot",
  "version": "0.0.1",
  "lockfileVersion": 1,
  "requires": true,
  "dependencies": {
    "js-son-agent": {
      "version": "0.0.10",
      "resolved": "https://registry.npmjs.org/js-son-agent/-/js-son-agent-0.0.10.tgz",
      "integrity": "sha512-/nwPotMPyhdxKq/+xiji2J1Pj9M88RPs5cVHUHeIGChlefgrL7y19uI8IVxf88nots5kanZ/A79CQkril8kKzw=="
    }
  }
}
